# This file is generated by running "yarn install" inside your project.
# Manual changes might be lost - proceed with caution!

__metadata:
  version: 6
  cacheKey: 8

"@biulight/px2rem-loader-pro@workspace:.":
  version: 0.0.0-use.local
  resolution: "@biulight/px2rem-loader-pro@workspace:."
  dependencies:
    px2rem: ^0.5.0
  languageName: unknown
  linkType: soft

"ansi-regex@npm:^0.2.0, ansi-regex@npm:^0.2.1":
  version: 0.2.1
  resolution: "ansi-regex@npm:0.2.1"
  checksum: ce95ac031fc64b9bb5317396d01723e0e07e9fbf1aa481df55c645657a1dbcaf90b6a8e69da6e64ad4543f0bd75691e426b2258a34f3c12999a277c09efd9430
  languageName: node
  linkType: hard

"ansi-styles@npm:^1.1.0":
  version: 1.1.0
  resolution: "ansi-styles@npm:1.1.0"
  checksum: 4f01de400ef36d4328fc2421d378e5e3f80685e7b79e049fb14d5e75a37c546a7e625b4478e39b7ca6f41421d374e2b0eea52732ed3ed9bde93dc671e72eb79d
  languageName: node
  linkType: hard

"atob@npm:^2.1.2":
  version: 2.1.2
  resolution: "atob@npm:2.1.2"
  bin:
    atob: bin/atob.js
  checksum: dfeeeb70090c5ebea7be4b9f787f866686c645d9f39a0d184c817252d0cf08455ed25267d79c03254d3be1f03ac399992a792edcd5ffb9c91e097ab5ef42833a
  languageName: node
  linkType: hard

"balanced-match@npm:^1.0.0":
  version: 1.0.2
  resolution: "balanced-match@npm:1.0.2"
  checksum: 9706c088a283058a8a99e0bf91b0a2f75497f185980d9ffa8b304de1d9e58ebda7c72c07ebf01dadedaac5b2907b2c6f566f660d62bd336c3468e960403b9d65
  languageName: node
  linkType: hard

"brace-expansion@npm:^1.1.7":
  version: 1.1.11
  resolution: "brace-expansion@npm:1.1.11"
  dependencies:
    balanced-match: ^1.0.0
    concat-map: 0.0.1
  checksum: faf34a7bb0c3fcf4b59c7808bc5d2a96a40988addf2e7e09dfbb67a2251800e0d14cd2bfc1aa79174f2f5095c54ff27f46fb1289fe2d77dac755b5eb3434cc07
  languageName: node
  linkType: hard

"chalk@npm:~0.5.1":
  version: 0.5.1
  resolution: "chalk@npm:0.5.1"
  dependencies:
    ansi-styles: ^1.1.0
    escape-string-regexp: ^1.0.0
    has-ansi: ^0.1.0
    strip-ansi: ^0.3.0
    supports-color: ^0.2.0
  checksum: 33eb9cf9220b13f1cae0a52e612d60f61fb1c894782b4efa847e40485a66e191d4199793b8087dc15b08e75607254a5980b45046f52350766c40d187505aacd9
  languageName: node
  linkType: hard

"commander@npm:~2.6.0":
  version: 2.6.0
  resolution: "commander@npm:2.6.0"
  checksum: a7d2bae5dd857a761c816617a7856352db2b8c339f314389b173f75b49010c2e8a0ec57a4d0c05d4d6eceeac5c6eca7486a4de548e592e14c869a13de5ca1b04
  languageName: node
  linkType: hard

"concat-map@npm:0.0.1":
  version: 0.0.1
  resolution: "concat-map@npm:0.0.1"
  checksum: 902a9f5d8967a3e2faf138d5cb784b9979bad2e6db5357c5b21c568df4ebe62bcb15108af1b2253744844eb964fc023fbd9afbbbb6ddd0bcc204c6fb5b7bf3af
  languageName: node
  linkType: hard

"css@npm:~2.2.0":
  version: 2.2.4
  resolution: "css@npm:2.2.4"
  dependencies:
    inherits: ^2.0.3
    source-map: ^0.6.1
    source-map-resolve: ^0.5.2
    urix: ^0.1.0
  checksum: a35d483c5ccc04bcde3b1e7393d58ad3eee1dd6956df0f152de38e46a17c0ee193c30eec6b1e59831ad0e74599385732000e95987fcc9cb2b16c6d951bae49e1
  languageName: node
  linkType: hard

"decode-uri-component@npm:^0.2.0":
  version: 0.2.2
  resolution: "decode-uri-component@npm:0.2.2"
  checksum: 95476a7d28f267292ce745eac3524a9079058bbb35767b76e3ee87d42e34cd0275d2eb19d9d08c3e167f97556e8a2872747f5e65cbebcac8b0c98d83e285f139
  languageName: node
  linkType: hard

"escape-string-regexp@npm:^1.0.0":
  version: 1.0.5
  resolution: "escape-string-regexp@npm:1.0.5"
  checksum: 6092fda75c63b110c706b6a9bfde8a612ad595b628f0bd2147eea1d3406723020810e591effc7db1da91d80a71a737a313567c5abb3813e8d9c71f4aa595b410
  languageName: node
  linkType: hard

"extend@npm:~3.0.0":
  version: 3.0.2
  resolution: "extend@npm:3.0.2"
  checksum: a50a8309ca65ea5d426382ff09f33586527882cf532931cb08ca786ea3146c0553310bda688710ff61d7668eba9f96b923fe1420cdf56a2c3eaf30fcab87b515
  languageName: node
  linkType: hard

"fs-extra@npm:~0.16.3":
  version: 0.16.5
  resolution: "fs-extra@npm:0.16.5"
  dependencies:
    graceful-fs: ^3.0.5
    jsonfile: ^2.0.0
    rimraf: ^2.2.8
  checksum: a5357da3bbdc9b25340822903d4c07293a766e8f815b65376846e7ae95eac3f2cdc9febbeb143334e405e4ad1b08f5aa23a17b08521dccb4f96ab23b34a139de
  languageName: node
  linkType: hard

"fs.realpath@npm:^1.0.0":
  version: 1.0.0
  resolution: "fs.realpath@npm:1.0.0"
  checksum: 99ddea01a7e75aa276c250a04eedeffe5662bce66c65c07164ad6264f9de18fb21be9433ead460e54cff20e31721c811f4fb5d70591799df5f85dce6d6746fd0
  languageName: node
  linkType: hard

"glob@npm:^7.1.3":
  version: 7.2.3
  resolution: "glob@npm:7.2.3"
  dependencies:
    fs.realpath: ^1.0.0
    inflight: ^1.0.4
    inherits: 2
    minimatch: ^3.1.1
    once: ^1.3.0
    path-is-absolute: ^1.0.0
  checksum: 29452e97b38fa704dabb1d1045350fb2467cf0277e155aa9ff7077e90ad81d1ea9d53d3ee63bd37c05b09a065e90f16aec4a65f5b8de401d1dac40bc5605d133
  languageName: node
  linkType: hard

"graceful-fs@npm:^3.0.5":
  version: 3.0.12
  resolution: "graceful-fs@npm:3.0.12"
  dependencies:
    natives: ^1.1.3
  checksum: c7c6c333a174d07492823fc2ff9231fb9247eac182831dce795dfd624e74b1376649cd0682f8d21ada648bf7b4c72bb497c98b4028b410ae37e5ad289d762824
  languageName: node
  linkType: hard

"graceful-fs@npm:^4.1.6":
  version: 4.2.10
  resolution: "graceful-fs@npm:4.2.10"
  checksum: 3f109d70ae123951905d85032ebeae3c2a5a7a997430df00ea30df0e3a6c60cf6689b109654d6fdacd28810a053348c4d14642da1d075049e6be1ba5216218da
  languageName: node
  linkType: hard

"has-ansi@npm:^0.1.0":
  version: 0.1.0
  resolution: "has-ansi@npm:0.1.0"
  dependencies:
    ansi-regex: ^0.2.0
  bin:
    has-ansi: cli.js
  checksum: 8eb68a066bb42460f7065432c14af40050c458eed3ac8329421990dbf5e2dd804a98b2e763013fdbb7f7049105f6c6806e7e90d7ac6caa337c3275574ce42d06
  languageName: node
  linkType: hard

"inflight@npm:^1.0.4":
  version: 1.0.6
  resolution: "inflight@npm:1.0.6"
  dependencies:
    once: ^1.3.0
    wrappy: 1
  checksum: f4f76aa072ce19fae87ce1ef7d221e709afb59d445e05d47fba710e85470923a75de35bfae47da6de1b18afc3ce83d70facf44cfb0aff89f0a3f45c0a0244dfd
  languageName: node
  linkType: hard

"inherits@npm:2, inherits@npm:^2.0.3":
  version: 2.0.4
  resolution: "inherits@npm:2.0.4"
  checksum: 4a48a733847879d6cf6691860a6b1e3f0f4754176e4d71494c41f3475553768b10f84b5ce1d40fbd0e34e6bfbb864ee35858ad4dd2cf31e02fc4a154b724d7f1
  languageName: node
  linkType: hard

"jsonfile@npm:^2.0.0":
  version: 2.4.0
  resolution: "jsonfile@npm:2.4.0"
  dependencies:
    graceful-fs: ^4.1.6
  dependenciesMeta:
    graceful-fs:
      optional: true
  checksum: f5064aabbc9e35530dc471d8b203ae1f40dbe949ddde4391c6f6a6d310619a15f0efdae5587df594d1d70c555193aaeee9d2ed4aec9ffd5767bd5e4e62d49c3d
  languageName: node
  linkType: hard

"minimatch@npm:^3.1.1":
  version: 3.1.2
  resolution: "minimatch@npm:3.1.2"
  dependencies:
    brace-expansion: ^1.1.7
  checksum: c154e566406683e7bcb746e000b84d74465b3a832c45d59912b9b55cd50dee66e5c4b1e5566dba26154040e51672f9aa450a9aef0c97cfc7336b78b7afb9540a
  languageName: node
  linkType: hard

"natives@npm:^1.1.3":
  version: 1.1.6
  resolution: "natives@npm:1.1.6"
  checksum: f9823dddba1eb71dc34f7e684d6d2bb39e709bdc54c42e89f27ec4a87966564644d88d2ea332ddfb91d00129a03d8e73abc35b09a0d985a80d6eaad95f3c1887
  languageName: node
  linkType: hard

"once@npm:^1.3.0":
  version: 1.4.0
  resolution: "once@npm:1.4.0"
  dependencies:
    wrappy: 1
  checksum: cd0a88501333edd640d95f0d2700fbde6bff20b3d4d9bdc521bdd31af0656b5706570d6c6afe532045a20bb8dc0849f8332d6f2a416e0ba6d3d3b98806c7db68
  languageName: node
  linkType: hard

"path-is-absolute@npm:^1.0.0":
  version: 1.0.1
  resolution: "path-is-absolute@npm:1.0.1"
  checksum: 060840f92cf8effa293bcc1bea81281bd7d363731d214cbe5c227df207c34cd727430f70c6037b5159c8a870b9157cba65e775446b0ab06fd5ecc7e54615a3b8
  languageName: node
  linkType: hard

"px2rem@npm:^0.5.0":
  version: 0.5.0
  resolution: "px2rem@npm:0.5.0"
  dependencies:
    chalk: ~0.5.1
    commander: ~2.6.0
    css: ~2.2.0
    extend: ~3.0.0
    fs-extra: ~0.16.3
  bin:
    px2rem: ./bin/px2rem.js
  checksum: d173acf7c03d358cbb51fae0296307d35b8832549945983eba66d51088ede7dfd4b2f9ee99fafe8a872f6dfa79daaedc23cecfb0d6395d3d970fb80e86b829e4
  languageName: node
  linkType: hard

"resolve-url@npm:^0.2.1":
  version: 0.2.1
  resolution: "resolve-url@npm:0.2.1"
  checksum: 7b7035b9ed6e7bc7d289e90aef1eab5a43834539695dac6416ca6e91f1a94132ae4796bbd173cdacfdc2ade90b5f38a3fb6186bebc1b221cd157777a23b9ad14
  languageName: node
  linkType: hard

"rimraf@npm:^2.2.8":
  version: 2.7.1
  resolution: "rimraf@npm:2.7.1"
  dependencies:
    glob: ^7.1.3
  bin:
    rimraf: ./bin.js
  checksum: cdc7f6eacb17927f2a075117a823e1c5951792c6498ebcce81ca8203454a811d4cf8900314154d3259bb8f0b42ab17f67396a8694a54cae3283326e57ad250cd
  languageName: node
  linkType: hard

"source-map-resolve@npm:^0.5.2":
  version: 0.5.3
  resolution: "source-map-resolve@npm:0.5.3"
  dependencies:
    atob: ^2.1.2
    decode-uri-component: ^0.2.0
    resolve-url: ^0.2.1
    source-map-url: ^0.4.0
    urix: ^0.1.0
  checksum: c73fa44ac00783f025f6ad9e038ab1a2e007cd6a6b86f47fe717c3d0765b4a08d264f6966f3bd7cd9dbcd69e4832783d5472e43247775b2a550d6f2155d24bae
  languageName: node
  linkType: hard

"source-map-url@npm:^0.4.0":
  version: 0.4.1
  resolution: "source-map-url@npm:0.4.1"
  checksum: 64c5c2c77aff815a6e61a4120c309ae4cac01298d9bcbb3deb1b46a4dd4c46d4a1eaeda79ec9f684766ae80e8dc86367b89326ce9dd2b89947bd9291fc1ac08c
  languageName: node
  linkType: hard

"source-map@npm:^0.6.1":
  version: 0.6.1
  resolution: "source-map@npm:0.6.1"
  checksum: 59ce8640cf3f3124f64ac289012c2b8bd377c238e316fb323ea22fbfe83da07d81e000071d7242cad7a23cd91c7de98e4df8830ec3f133cb6133a5f6e9f67bc2
  languageName: node
  linkType: hard

"strip-ansi@npm:^0.3.0":
  version: 0.3.0
  resolution: "strip-ansi@npm:0.3.0"
  dependencies:
    ansi-regex: ^0.2.1
  bin:
    strip-ansi: cli.js
  checksum: c154768b855009319a4ad9438233cbf3365b9e9008e6c39eadd3c7bd3614d4cde49f2b6f50e07632c2f148ed4b8ab3b4ddbae1f9805335df2ba25bc5653d22f4
  languageName: node
  linkType: hard

"supports-color@npm:^0.2.0":
  version: 0.2.0
  resolution: "supports-color@npm:0.2.0"
  bin:
    supports-color: cli.js
  checksum: 7ec93a92418979aa8a965c85548a3f57441b48cb1e654e1a79e8bd3d62a614a8faec4afc078051da36318550cbf947f5d23da9fe53934ee577c2c300f1a9e4c4
  languageName: node
  linkType: hard

"urix@npm:^0.1.0":
  version: 0.1.0
  resolution: "urix@npm:0.1.0"
  checksum: 4c076ecfbf3411e888547fe844e52378ab5ada2d2f27625139011eada79925e77f7fbf0e4016d45e6a9e9adb6b7e64981bd49b22700c7c401c5fc15f423303b3
  languageName: node
  linkType: hard

"wrappy@npm:1":
  version: 1.0.2
  resolution: "wrappy@npm:1.0.2"
  checksum: 159da4805f7e84a3d003d8841557196034155008f817172d4e986bd591f74aa82aa7db55929a54222309e01079a65a92a9e6414da5a6aa4b01ee44a511ac3ee5
  languageName: node
  linkType: hard
